{
  "name": "itcss-sample",
  "version": "1.0.0",
  "lockfileVersion": 1,
  "requires": true,
  "dependencies": {
    "normalize.css": {
      "version": "8.0.0",
      "resolved": "https://registry.npmjs.org/normalize.css/-/normalize.css-8.0.0.tgz",
      "integrity": "sha512-iXcbM3NWr0XkNyfiSBsoPezi+0V92P9nj84yVV1/UZxRUrGczgX/X91KMAGM0omWLY2+2Q1gKD/XRn4gQRDB2A=="
    },
    "sass-mq": {
      "version": "4.0.2",
      "resolved": "https://registry.npmjs.org/sass-mq/-/sass-mq-4.0.2.tgz",
      "integrity": "sha512-5jKlhuJvGVQpQ6Ogq9k+VWoK9HeNfaLSpDToNxHDmMS5wtaK/NWS+c3XXq8VrKTK874Hrh3m5sYij56lhZrvnw=="
    }
  }
}
